
Microsoft Visual Studio Solution File, Format Version 12.00
# Visual Studio Version 17
VisualStudioVersion = 17.11.35327.3
MinimumVisualStudioVersion = 10.0.40219.1
Project("{FAE04EC0-301F-11D3-BF4B-00C04F79EFBC}") = "Ejercicio4-aspx", "Ejercicio4-aspx\Ejercicio4-aspx.csproj", "{F653831C-C0DE-4CF6-BF64-A38A5438B1C1}"
EndProject
Global
	GlobalSection(SolutionConfigurationPlatforms) = preSolution
		Debug|Any CPU = Debug|Any CPU
		Release|Any CPU = Release|Any CPU
	EndGlobalSection
	GlobalSection(ProjectConfigurationPlatforms) = postSolution
		{F653831C-C0DE-4CF6-BF64-A38A5438B1C1}.Debug|Any CPU.ActiveCfg = Debug|Any CPU
		{F653831C-C0DE-4CF6-BF64-A38A5438B1C1}.Debug|Any CPU.Build.0 = Debug|Any CPU
		{F653831C-C0DE-4CF6-BF64-A38A5438B1C1}.Release|Any CPU.ActiveCfg = Release|Any CPU
		{F653831C-C0DE-4CF6-BF64-A38A5438B1C1}.Release|Any CPU.Build.0 = Release|Any CPU
	EndGlobalSection
	GlobalSection(SolutionProperties) = preSolution
		HideSolutionNode = FALSE
	EndGlobalSection
	GlobalSection(ExtensibilityGlobals) = postSolution
		SolutionGuid = {C31E7CE1-03C3-448C-9693-D1AC897C4729}
	EndGlobalSection
EndGlobal
